
Microsoft Visual Studio Solution File, Format Version 12.00
# Visual Studio Version 16
VisualStudioVersion = 16.0.30104.148
MinimumVisualStudioVersion = 10.0.40219.1
Project("{FAE04EC0-301F-11D3-BF4B-00C04F79EFBC}") = "EssentialTools", "EssentialTools\EssentialTools.csproj", "{2DF0A4A0-0722-4D3B-8043-4B5B7ED5D4EF}"
EndProject
Project("{FAE04EC0-301F-11D3-BF4B-00C04F79EFBC}") = "EssentialTools.Tests", "EssentialTools.Tests\EssentialTools.Tests.csproj", "{C5A68410-82C8-4094-9497-1364D9959721}"
EndProject
Global
	GlobalSection(SolutionConfigurationPlatforms) = preSolution
		Debug|Any CPU = Debug|Any CPU
		Release|Any CPU = Release|Any CPU
	EndGlobalSection
	GlobalSection(ProjectConfigurationPlatforms) = postSolution
		{2DF0A4A0-0722-4D3B-8043-4B5B7ED5D4EF}.Debug|Any CPU.ActiveCfg = Debug|Any CPU
		{2DF0A4A0-0722-4D3B-8043-4B5B7ED5D4EF}.Debug|Any CPU.Build.0 = Debug|Any CPU
		{2DF0A4A0-0722-4D3B-8043-4B5B7ED5D4EF}.Release|Any CPU.ActiveCfg = Release|Any CPU
		{2DF0A4A0-0722-4D3B-8043-4B5B7ED5D4EF}.Release|Any CPU.Build.0 = Release|Any CPU
		{C5A68410-82C8-4094-9497-1364D9959721}.Debug|Any CPU.ActiveCfg = Debug|Any CPU
		{C5A68410-82C8-4094-9497-1364D9959721}.Debug|Any CPU.Build.0 = Debug|Any CPU
		{C5A68410-82C8-4094-9497-1364D9959721}.Release|Any CPU.ActiveCfg = Release|Any CPU
		{C5A68410-82C8-4094-9497-1364D9959721}.Release|Any CPU.Build.0 = Release|Any CPU
	EndGlobalSection
	GlobalSection(SolutionProperties) = preSolution
		HideSolutionNode = FALSE
	EndGlobalSection
	GlobalSection(ExtensibilityGlobals) = postSolution
		SolutionGuid = {2DCB08B7-0973-4BDE-8644-F117914F9BEE}
	EndGlobalSection
EndGlobal
